
Microsoft Visual Studio Solution File, Format Version 12.00
# Visual Studio Version 16
VisualStudioVersion = 16.0.30717.126
MinimumVisualStudioVersion = 10.0.40219.1
Project("{9A19103F-16F7-4668-BE54-9A1E7A4F7556}") = "RenamerAppOnion", "RenamerAppOnion\RenamerAppOnion.csproj", "{067DD4CF-C995-4946-89F4-638CA9913BA1}"
EndProject
Project("{FAE04EC0-301F-11D3-BF4B-00C04F79EFBC}") = "RenamerApp.Core", "RenamerApp.Core\RenamerApp.Core.csproj", "{1D77B41F-274B-48EA-93E7-66CCEC6CD07F}"
EndProject
Global
	GlobalSection(SolutionConfigurationPlatforms) = preSolution
		Debug|Any CPU = Debug|Any CPU
		Release|Any CPU = Release|Any CPU
	EndGlobalSection
	GlobalSection(ProjectConfigurationPlatforms) = postSolution
		{067DD4CF-C995-4946-89F4-638CA9913BA1}.Debug|Any CPU.ActiveCfg = Debug|Any CPU
		{067DD4CF-C995-4946-89F4-638CA9913BA1}.Debug|Any CPU.Build.0 = Debug|Any CPU
		{067DD4CF-C995-4946-89F4-638CA9913BA1}.Release|Any CPU.ActiveCfg = Release|Any CPU
		{067DD4CF-C995-4946-89F4-638CA9913BA1}.Release|Any CPU.Build.0 = Release|Any CPU
		{1D77B41F-274B-48EA-93E7-66CCEC6CD07F}.Debug|Any CPU.ActiveCfg = Debug|Any CPU
		{1D77B41F-274B-48EA-93E7-66CCEC6CD07F}.Debug|Any CPU.Build.0 = Debug|Any CPU
		{1D77B41F-274B-48EA-93E7-66CCEC6CD07F}.Release|Any CPU.ActiveCfg = Release|Any CPU
		{1D77B41F-274B-48EA-93E7-66CCEC6CD07F}.Release|Any CPU.Build.0 = Release|Any CPU
	EndGlobalSection
	GlobalSection(SolutionProperties) = preSolution
		HideSolutionNode = FALSE
	EndGlobalSection
	GlobalSection(ExtensibilityGlobals) = postSolution
		SolutionGuid = {84505D56-5837-43BB-83D0-C2D85F6E5D0F}
	EndGlobalSection
EndGlobal
